
Microsoft Visual Studio Solution File, Format Version 12.00
# Visual Studio Version 16
VisualStudioVersion = 16.0.30011.22
MinimumVisualStudioVersion = 10.0.40219.1
Project("{FAE04EC0-301F-11D3-BF4B-00C04F79EFBC}") = "chatapp", "chatapp\chatapp.csproj", "{5B0C334D-9CB5-4D45-B9AB-6943572E9CBF}"
EndProject
Project("{FAE04EC0-301F-11D3-BF4B-00C04F79EFBC}") = "WeChat", "WeChat\WeChat.csproj", "{5F95D86E-A75D-4310-836A-2A693866137D}"
EndProject
Global
	GlobalSection(SolutionConfigurationPlatforms) = preSolution
		Debug|Any CPU = Debug|Any CPU
		Release|Any CPU = Release|Any CPU
	EndGlobalSection
	GlobalSection(ProjectConfigurationPlatforms) = postSolution
		{5B0C334D-9CB5-4D45-B9AB-6943572E9CBF}.Debug|Any CPU.ActiveCfg = Debug|Any CPU
		{5B0C334D-9CB5-4D45-B9AB-6943572E9CBF}.Debug|Any CPU.Build.0 = Debug|Any CPU
		{5B0C334D-9CB5-4D45-B9AB-6943572E9CBF}.Release|Any CPU.ActiveCfg = Release|Any CPU
		{5B0C334D-9CB5-4D45-B9AB-6943572E9CBF}.Release|Any CPU.Build.0 = Release|Any CPU
		{5F95D86E-A75D-4310-836A-2A693866137D}.Debug|Any CPU.ActiveCfg = Debug|Any CPU
		{5F95D86E-A75D-4310-836A-2A693866137D}.Debug|Any CPU.Build.0 = Debug|Any CPU
		{5F95D86E-A75D-4310-836A-2A693866137D}.Release|Any CPU.ActiveCfg = Release|Any CPU
		{5F95D86E-A75D-4310-836A-2A693866137D}.Release|Any CPU.Build.0 = Release|Any CPU
	EndGlobalSection
	GlobalSection(SolutionProperties) = preSolution
		HideSolutionNode = FALSE
	EndGlobalSection
	GlobalSection(ExtensibilityGlobals) = postSolution
		SolutionGuid = {F5F9AA0B-3C8F-447A-BFCE-853022023CE0}
	EndGlobalSection
EndGlobal
